
Microsoft Visual Studio Solution File, Format Version 12.00
# Visual Studio Version 17
VisualStudioVersion = 17.14.36518.9 d17.14
MinimumVisualStudioVersion = 10.0.40219.1
Project("{FAE04EC0-301F-11D3-BF4B-00C04F79EFBC}") = "DetectorAnomaliasLogin", "DetectorAnomaliasLogin\DetectorAnomaliasLogin.csproj", "{E4326C6F-2330-4F9F-ABBD-B231DD603563}"
EndProject
Global
	GlobalSection(SolutionConfigurationPlatforms) = preSolution
		Debug|Any CPU = Debug|Any CPU
		Release|Any CPU = Release|Any CPU
	EndGlobalSection
	GlobalSection(ProjectConfigurationPlatforms) = postSolution
		{E4326C6F-2330-4F9F-ABBD-B231DD603563}.Debug|Any CPU.ActiveCfg = Debug|Any CPU
		{E4326C6F-2330-4F9F-ABBD-B231DD603563}.Debug|Any CPU.Build.0 = Debug|Any CPU
		{E4326C6F-2330-4F9F-ABBD-B231DD603563}.Release|Any CPU.ActiveCfg = Release|Any CPU
		{E4326C6F-2330-4F9F-ABBD-B231DD603563}.Release|Any CPU.Build.0 = Release|Any CPU
	EndGlobalSection
	GlobalSection(SolutionProperties) = preSolution
		HideSolutionNode = FALSE
	EndGlobalSection
	GlobalSection(ExtensibilityGlobals) = postSolution
		SolutionGuid = {9B351E75-FD3E-47D9-9D08-3C7CCD14D8D2}
	EndGlobalSection
EndGlobal
